
Microsoft Visual Studio Solution File, Format Version 12.00
# Visual Studio Version 17
VisualStudioVersion = 17.11.35327.3
MinimumVisualStudioVersion = 10.0.40219.1
Project("{FAE04EC0-301F-11D3-BF4B-00C04F79EFBC}") = "Coordly.API", "Coordly.API\Coordly.API.csproj", "{3CA08AFB-3D6A-46AE-951C-E398B843016B}"
EndProject
Project("{FAE04EC0-301F-11D3-BF4B-00C04F79EFBC}") = "Coordly.Domain", "Coordly.Domain\Coordly.Domain.csproj", "{308D3A76-06B5-47D9-A288-FB81CA546F3E}"
EndProject
Project("{FAE04EC0-301F-11D3-BF4B-00C04F79EFBC}") = "Coordly.Infrastructure", "Coordly.Infrastructure\Coordly.Infrastructure.csproj", "{A135E2FC-011E-40CD-961F-9200280BEF9B}"
EndProject
Global
	GlobalSection(SolutionConfigurationPlatforms) = preSolution
		Debug|Any CPU = Debug|Any CPU
		Release|Any CPU = Release|Any CPU
	EndGlobalSection
	GlobalSection(ProjectConfigurationPlatforms) = postSolution
		{3CA08AFB-3D6A-46AE-951C-E398B843016B}.Debug|Any CPU.ActiveCfg = Debug|Any CPU
		{3CA08AFB-3D6A-46AE-951C-E398B843016B}.Debug|Any CPU.Build.0 = Debug|Any CPU
		{3CA08AFB-3D6A-46AE-951C-E398B843016B}.Release|Any CPU.ActiveCfg = Release|Any CPU
		{3CA08AFB-3D6A-46AE-951C-E398B843016B}.Release|Any CPU.Build.0 = Release|Any CPU
		{308D3A76-06B5-47D9-A288-FB81CA546F3E}.Debug|Any CPU.ActiveCfg = Debug|Any CPU
		{308D3A76-06B5-47D9-A288-FB81CA546F3E}.Debug|Any CPU.Build.0 = Debug|Any CPU
		{308D3A76-06B5-47D9-A288-FB81CA546F3E}.Release|Any CPU.ActiveCfg = Release|Any CPU
		{308D3A76-06B5-47D9-A288-FB81CA546F3E}.Release|Any CPU.Build.0 = Release|Any CPU
		{A135E2FC-011E-40CD-961F-9200280BEF9B}.Debug|Any CPU.ActiveCfg = Debug|Any CPU
		{A135E2FC-011E-40CD-961F-9200280BEF9B}.Debug|Any CPU.Build.0 = Debug|Any CPU
		{A135E2FC-011E-40CD-961F-9200280BEF9B}.Release|Any CPU.ActiveCfg = Release|Any CPU
		{A135E2FC-011E-40CD-961F-9200280BEF9B}.Release|Any CPU.Build.0 = Release|Any CPU
	EndGlobalSection
	GlobalSection(SolutionProperties) = preSolution
		HideSolutionNode = FALSE
	EndGlobalSection
	GlobalSection(ExtensibilityGlobals) = postSolution
		SolutionGuid = {A4AA2335-91FA-43A3-B8A8-737505385F94}
	EndGlobalSection
EndGlobal
